
Microsoft Visual Studio Solution File, Format Version 12.00
# Visual Studio Version 17
VisualStudioVersion = 17.2.32526.322
MinimumVisualStudioVersion = 10.0.40219.1
Project("{9A19103F-16F7-4668-BE54-9A1E7A4F7556}") = "Cardprint", "Cardprint.csproj", "{ED3DB8B3-3AF0-463B-A60D-E62CD2E44088}"
EndProject
Global
	GlobalSection(SolutionConfigurationPlatforms) = preSolution
		Debug|Any CPU = Debug|Any CPU
		Release|Any CPU = Release|Any CPU
	EndGlobalSection
	GlobalSection(ProjectConfigurationPlatforms) = postSolution
		{ED3DB8B3-3AF0-463B-A60D-E62CD2E44088}.Debug|Any CPU.ActiveCfg = Debug|Any CPU
		{ED3DB8B3-3AF0-463B-A60D-E62CD2E44088}.Debug|Any CPU.Build.0 = Debug|Any CPU
		{ED3DB8B3-3AF0-463B-A60D-E62CD2E44088}.Release|Any CPU.ActiveCfg = Release|Any CPU
		{ED3DB8B3-3AF0-463B-A60D-E62CD2E44088}.Release|Any CPU.Build.0 = Release|Any CPU
	EndGlobalSection
	GlobalSection(SolutionProperties) = preSolution
		HideSolutionNode = FALSE
	EndGlobalSection
	GlobalSection(ExtensibilityGlobals) = postSolution
		SolutionGuid = {09510FD9-E4FA-442C-ADB6-2FF602C394CB}
	EndGlobalSection
EndGlobal
